PODS:
  - Alamofire (4.8.1)
  - Aspects (1.4.1)
  - BigInt (4.0.0)
  - Bugly (2.5.0)
  - CryptoSwift (0.10.0)
  - EmptyDataSet-Swift (4.2.0)
  - Kingfisher (4.10.1)
  - Localize-Swift (2.0.0)
  - MBProgressHUD (1.1.0)
  - MJRefresh (3.1.16)
  - platonWeb3 (0.4.0):
    - BigInt
    - CryptoSwift
    - Localize-Swift
    - secp256k1.swift
  - Protobuf (3.8.0)
  - Realm (3.13.1):
    - Realm/Headers (= 3.13.1)
  - Realm/Headers (3.13.1)
  - RealmSwift (3.13.1):
    - Realm (= 3.13.1)
  - RTRootNavigationController (0.7.1):
    - RTRootNavigationController/Core (= 0.7.1)
  - RTRootNavigationController/Core (0.7.1)
  - ScryptSwift (0.0.1):
    - CryptoSwift
  - secp256k1.swift (0.1.4)
  - SnapKit (4.0.1)
  - Spring (1.0.6)
  - SSZipArchive (2.2.2)
  - SVGAPlayer (2.3.3):
    - SVGAPlayer/Core (= 2.3.3)
    - SVGAPlayer/ProtoFiles (= 2.3.3)
  - SVGAPlayer/Core (2.3.3):
    - SSZipArchive (>= 1.8.1)
    - SVGAPlayer/ProtoFiles
  - SVGAPlayer/ProtoFiles (2.3.3):
    - Protobuf (~> 3.4)
  - SwiftLint (0.30.1)
  - SwiftReorder (6.0.2)
  - SwipeCellKit (2.5.4)
  - TrezorCrypto (0.0.9)
  - "UITextView+Placeholder (1.2.1)"

DEPENDENCIES:
  - Alamofire (= 4.8.1)
  - Aspects (= 1.4.1)
  - BigInt (= 4.0)
  - Bugly (= 2.5.0)
  - CryptoSwift (~> 0.10.0)
  - EmptyDataSet-Swift (~> 4.2.0)
  - Kingfisher
  - Localize-Swift (~> 2.0)
  - MBProgressHUD (~> 1.1.0)
  - MJRefresh
  - platonWeb3 (~> 0.4.0)
  - RealmSwift (= 3.13.1)
  - RTRootNavigationController (= 0.7.1)
  - ScryptSwift (= 0.0.1)
  - secp256k1.swift (~> 0.1)
  - SnapKit (~> 4.0.0)
  - Spring (from `https://github.com/MengTo/Spring.git`)
  - SVGAPlayer
  - SwiftLint (= 0.30.1)
  - SwiftReorder (~> 6.0)
  - SwipeCellKit (= 2.5.4)
  - TrezorCrypto (= 0.0.9)
  - "UITextView+Placeholder (= 1.2.1)"

SPEC REPOS:
  https://github.com/cocoapods/specs.git:
    - Alamofire
    - Aspects
    - BigInt
    - Bugly
    - CryptoSwift
    - EmptyDataSet-Swift
    - Kingfisher
    - Localize-Swift
    - MBProgressHUD
    - MJRefresh
    - platonWeb3
    - Protobuf
    - Realm
    - RealmSwift
    - RTRootNavigationController
    - ScryptSwift
    - secp256k1.swift
    - SnapKit
    - SSZipArchive
    - SVGAPlayer
    - SwiftLint
    - SwiftReorder
    - SwipeCellKit
    - TrezorCrypto
    - "UITextView+Placeholder"

EXTERNAL SOURCES:
  Spring:
    :git: https://github.com/MengTo/Spring.git

CHECKOUT OPTIONS:
  Spring:
    :commit: fafd0b2e8d4d46405bd86fa7ba84bb7f73a20b13
    :git: https://github.com/MengTo/Spring.git

SPEC CHECKSUMS:
  Alamofire: 16ce2c353fb72865124ddae8a57c5942388f4f11
  Aspects: 7595ba96a6727a58ebcbfc954497fc5d2fdde546
  BigInt: 2aad1a9942dc932ec8b84290d2c564a3d76f97ab
  Bugly: 3ca9f255c01025582df26f9222893b383c7e4b4e
  CryptoSwift: 6c778d69282bed3b4e975ff97a79d074f20bb011
  EmptyDataSet-Swift: 1fa0b35f530a35f852ecb2b53564728b0c300aaf
  Kingfisher: c148cd7b47ebde9989f6bc7c27dcaa79d81279a0
  Localize-Swift: c798ec9286494866f7068f85f7c71283ac5bdab4
  MBProgressHUD: e7baa36a220447d8aeb12769bf0585582f3866d9
  MJRefresh: 7798e16e53a5ef7f332dd05b27664db4e29530fd
  platonWeb3: d84dd8430b71525d242a7e4b1cfc4561a92e81bc
  Protobuf: 3f617b9a6e73605565086864c9bc26b2bf2dd5a3
  Realm: 50071da38fe079e0735e47c9f2eae738c68c5996
  RealmSwift: 8a1e6a02b7a08cd17a31e3115143fb69fe5f3fb9
  RTRootNavigationController: afa6913402be26f8326f7f37fc1550aa67baddcc
  ScryptSwift: c771529fa895a563febe3184add81bbe5e2f85aa
  secp256k1.swift: a7e7a214f6db6ce5db32cc6b2b45e5c4dd633634
  SnapKit: 0de968a9fec17499afa29683b05d0c775b6d1c29
  Spring: 3d113f14575ef79aec9c5f906dfa4f5001c03254
  SSZipArchive: fa16b8cc4cdeceb698e5e5d9f67e9558532fbf23
  SVGAPlayer: cf93c1761209c478003951fa23376e7ed7dedc96
  SwiftLint: a54bf1fe12b55c68560eb2a7689dfc81458508f7
  SwiftReorder: 60ef1faf6446cf68f9a647cb975530db8efd6620
  SwipeCellKit: 4eada3884ab1bbae5e8d2fb9030c242aa23d7f42
  TrezorCrypto: bfeea47a052dca2c77d4a39e1e183865e52de14d
  "UITextView+Placeholder": 0c3efd97f37ea64bde7f34cc6e90fe02e87b3909

PODFILE CHECKSUM: 2350e86ca240e3878fd74c41e8b63946e5bb85e9

COCOAPODS: 1.5.3
